// !$*UTF8*$!
{
	archiveVersion = 1;
	classes = {
	};
	objectVersion = 50;
	objects = {

/* Begin PBXBuildFile section */
		A94C771A24B581A0004F1D2C /* AppDelegate.swift in Sources */ = {isa = PBXBuildFile; fileRef = A94C771924B581A0004F1D2C /* AppDelegate.swift */; };
		A94C771C24B581A0004F1D2C /* SceneDelegate.swift in Sources */ = {isa = PBXBuildFile; fileRef = A94C771B24B581A0004F1D2C /* SceneDelegate.swift */; };
		A94C771E24B581A0004F1D2C /* ViewController.swift in Sources */ = {isa = PBXBuildFile; fileRef = A94C771D24B581A0004F1D2C /* ViewController.swift */; };
		A94C772124B581A0004F1D2C /* Main.storyboard in Resources */ = {isa = PBXBuildFile; fileRef = A94C771F24B581A0004F1D2C /* Main.storyboard */; };
		A94C772324B581A0004F1D2C /* Assets.xcassets in Resources */ = {isa = PBXBuildFile; fileRef = A94C772224B581A0004F1D2C /* Assets.xcassets */; };
		A94C772624B581A0004F1D2C /* LaunchScreen.storyboard in Resources */ = {isa = PBXBuildFile; fileRef = A94C772424B581A0004F1D2C /* LaunchScreen.storyboard */; };
/* End PBXBuildFile section */

/* Begin PBXFileReference section */
		A94C771624B581A0004F1D2C /* UIStackViewTutorial2020-lesson3.app */ = {isa = PBXFileReference; explicitFileType = wrapper.application; includeInIndex = 0; path = "UIStackViewTutorial2020-lesson3.app"; sourceTree = BUILT_PRODUCTS_DIR; };
		A94C771924B581A0004F1D2C /* AppDelegate.swift */ = {isa = PBXFileReference; lastKnownFileType = sourcecode.swift; path = AppDelegate.swift; sourceTree = "<group>"; };
		A94C771B24B581A0004F1D2C /* SceneDelegate.swift */ = {isa = PBXFileReference; lastKnownFileType = sourcecode.swift; path = SceneDelegate.swift; sourceTree = "<group>"; };
		A94C771D24B581A0004F1D2C /* ViewController.swift */ = {isa = PBXFileReference; lastKnownFileType = sourcecode.swift; path = ViewController.swift; sourceTree = "<group>"; };
		A94C772024B581A0004F1D2C /* Base */ = {isa = PBXFileReference; lastKnownFileType = file.storyboard; name = Base; path = Base.lproj/Main.storyboard; sourceTree = "<group>"; };
		A94C772224B581A0004F1D2C /* Assets.xcassets */ = {isa = PBXFileReference; lastKnownFileType = folder.assetcatalog; path = Assets.xcassets; sourceTree = "<group>"; };
		A94C772524B581A0004F1D2C /* Base */ = {isa = PBXFileReference; lastKnownFileType = file.storyboard; name = Base; path = Base.lproj/LaunchScreen.storyboard; sourceTree = "<group>"; };
		A94C772724B581A0004F1D2C /* Info.plist */ = {isa = PBXFileReference; lastKnownFileType = text.plist.xml; path = Info.plist; sourceTree = "<group>"; };
/* End PBXFileReference section */

/* Begin PBXFrameworksBuildPhase section */
		A94C771324B581A0004F1D2C /* Frameworks */ = {
			isa = PBXFrameworksBuildPhase;
			buildActionMask = 2147483647;
			files = (
			);
			runOnlyForDeploymentPostprocessing = 0;
		};
/* End PBXFrameworksBuildPhase section */

/* Begin PBXGroup section */
		A94C770D24B581A0004F1D2C = {
			isa = PBXGroup;
			children = (
				A94C771824B581A0004F1D2C /* UIStackViewTutorial2020-lesson3 */,
				A94C771724B581A0004F1D2C /* Products */,
			);
			sourceTree = "<group>";
		};
		A94C771724B581A0004F1D2C /* Products */ = {
			isa = PBXGroup;
			children = (
				A94C771624B581A0004F1D2C /* UIStackViewTutorial2020-lesson3.app */,
			);
			name = Products;
			sourceTree = "<group>";
		};
		A94C771824B581A0004F1D2C /* UIStackViewTutorial2020-lesson3 */ = {
			isa = PBXGroup;
			children = (
				A94C771924B581A0004F1D2C /* AppDelegate.swift */,
				A94C771B24B581A0004F1D2C /* SceneDelegate.swift */,
				A94C771D24B581A0004F1D2C /* ViewController.swift */,
				A94C771F24B581A0004F1D2C /* Main.storyboard */,
				A94C772224B581A0004F1D2C /* Assets.xcassets */,
				A94C772424B581A0004F1D2C /* LaunchScreen.storyboard */,
				A94C772724B581A0004F1D2C /* Info.plist */,
			);
			path = "UIStackViewTutorial2020-lesson3";
			sourceTree = "<group>";
		};
/* End PBXGroup section */

/* Begin PBXNativeTarget section */
		A94C771524B581A0004F1D2C /* UIStackViewTutorial2020-lesson3 */ = {
			isa = PBXNativeTarget;
			buildConfigurationList = A94C772A24B581A0004F1D2C /* Build configuration list for PBXNativeTarget "UIStackViewTutorial2020-lesson3" */;
			buildPhases = (
				A94C771224B581A0004F1D2C /* Sources */,
				A94C771324B581A0004F1D2C /* Frameworks */,
				A94C771424B581A0004F1D2C /* Resources */,
			);
			buildRules = (
			);
			dependencies = (
			);
			name = "UIStackViewTutorial2020-lesson3";
			productName = "UIStackViewTutorial2020-lesson3";
			productReference = A94C771624B581A0004F1D2C /* UIStackViewTutorial2020-lesson3.app */;
			productType = "com.apple.product-type.application";
		};
/* End PBXNativeTarget section */

/* Begin PBXProject section */
		A94C770E24B581A0004F1D2C /* Project object */ = {
			isa = PBXProject;
			attributes = {
				LastSwiftUpdateCheck = 1150;
				LastUpgradeCheck = 1150;
				ORGANIZATIONNAME = "michael tamsil";
				TargetAttributes = {
					A94C771524B581A0004F1D2C = {
						CreatedOnToolsVersion = 11.5;
					};
				};
			};
			buildConfigurationList = A94C771124B581A0004F1D2C /* Build configuration list for PBXProject "UIStackViewTutorial2020-lesson3" */;
			compatibilityVersion = "Xcode 9.3";
			developmentRegion = en;
			hasScannedForEncodings = 0;
			knownRegions = (
				en,
				Base,
			);
			mainGroup = A94C770D24B581A0004F1D2C;
			productRefGroup = A94C771724B581A0004F1D2C /* Products */;
			projectDirPath = "";
			projectRoot = "";
			targets = (
				A94C771524B581A0004F1D2C /* UIStackViewTutorial2020-lesson3 */,
			);
		};
/* End PBXProject section */

/* Begin PBXResourcesBuildPhase section */
		A94C771424B581A0004F1D2C /* Resources */ = {
			isa = PBXResourcesBuildPhase;
			buildActionMask = 2147483647;
			files = (
				A94C772624B581A0004F1D2C /* LaunchScreen.storyboard in Resources */,
				A94C772324B581A0004F1D2C /* Assets.xcassets in Resources */,
				A94C772124B581A0004F1D2C /* Main.storyboard in Resources */,
			);
			runOnlyForDeploymentPostprocessing = 0;
		};
/* End PBXResourcesBuildPhase section */

/* Begin PBXSourcesBuildPhase section */
		A94C771224B581A0004F1D2C /* Sources */ = {
			isa = PBXSourcesBuildPhase;
			buildActionMask = 2147483647;
			files = (
				A94C771E24B581A0004F1D2C /* ViewController.swift in Sources */,
				A94C771A24B581A0004F1D2C /* AppDelegate.swift in Sources */,
				A94C771C24B581A0004F1D2C /* SceneDelegate.swift in Sources */,
			);
			runOnlyForDeploymentPostprocessing = 0;
		};
/* End PBXSourcesBuildPhase section */

/* Begin PBXVariantGroup section */
		A94C771F24B581A0004F1D2C /* Main.storyboard */ = {
			isa = PBXVariantGroup;
			children = (
				A94C772024B581A0004F1D2C /* Base */,
			);
			name = Main.storyboard;
			sourceTree = "<group>";
		};
		A94C772424B581A0004F1D2C /* LaunchScreen.storyboard */ = {
			isa = PBXVariantGroup;
			children = (
				A94C772524B581A0004F1D2C /* Base */,
			);
			name = LaunchScreen.storyboard;
			sourceTree = "<group>";
		};
/* End PBXVariantGroup section */

/* Begin XCBuildConfiguration section */
		A94C772824B581A0004F1D2C /* Debug */ = {
			isa = XCBuildConfiguration;
			buildSettings = {
				ALWAYS_SEARCH_USER_PATHS = NO;
				CLANG_ANALYZER_NONNULL = YES;
				CLANG_ANALYZER_NUMBER_OBJECT_CONVERSION = YES_AGGRESSIVE;
				CLANG_CXX_LANGUAGE_STANDARD = "gnu++14";
				CLANG_CXX_LIBRARY = "libc++";
				CLANG_ENABLE_MODULES = YES;
				CLANG_ENABLE_OBJC_ARC = YES;
				CLANG_ENABLE_OBJC_WEAK = YES;
				CLANG_WARN_BLOCK_CAPTURE_AUTORELEASING = YES;
				CLANG_WARN_BOOL_CONVERSION = YES;
				CLANG_WARN_COMMA = YES;
				CLANG_WARN_CONSTANT_CONVERSION = YES;
				CLANG_WARN_DEPRECATED_OBJC_IMPLEMENTATIONS = YES;
				CLANG_WARN_DIRECT_OBJC_ISA_USAGE = YES_ERROR;
				CLANG_WARN_DOCUMENTATION_COMMENTS = YES;
				CLANG_WARN_EMPTY_BODY = YES;
				CLANG_WARN_ENUM_CONVERSION = YES;
				CLANG_WARN_INFINITE_RECURSION = YES;
				CLANG_WARN_INT_CONVERSION = YES;
				CLANG_WARN_NON_LITERAL_NULL_CONVERSION = YES;
				CLANG_WARN_OBJC_IMPLICIT_RETAIN_SELF = YES;
				CLANG_WARN_OBJC_LITERAL_CONVERSION = YES;
				CLANG_WARN_OBJC_ROOT_CLASS = YES_ERROR;
				CLANG_WARN_RANGE_LOOP_ANALYSIS = YES;
				CLANG_WARN_STRICT_PROTOTYPES = YES;
				CLANG_WARN_SUSPICIOUS_MOVE = YES;
				CLANG_WARN_UNGUARDED_AVAILABILITY = YES_AGGRESSIVE;
				CLANG_WARN_UNREACHABLE_CODE = YES;
				CLANG_WARN__DUPLICATE_METHOD_MATCH = YES;
				COPY_PHASE_STRIP = NO;
				DEBUG_INFORMATION_FORMAT = dwarf;
				ENABLE_STRICT_OBJC_MSGSEND = YES;
				ENABLE_TESTABILITY = YES;
				GCC_C_LANGUAGE_STANDARD = gnu11;
				GCC_DYNAMIC_NO_PIC = NO;
				GCC_NO_COMMON_BLOCKS = YES;
				GCC_OPTIMIZATION_LEVEL = 0;
				GCC_PREPROCESSOR_DEFINITIONS = (
					"DEBUG=1",
					"$(inherited)",
				);
				GCC_WARN_64_TO_32_BIT_CONVERSION = YES;
				GCC_WARN_ABOUT_RETURN_TYPE = YES_ERROR;
				GCC_WARN_UNDECLARED_SELECTOR = YES;
				GCC_WARN_UNINITIALIZED_AUTOS = YES_AGGRESSIVE;
				GCC_WARN_UNUSED_FUNCTION = YES;
				GCC_WARN_UNUSED_VARIABLE = YES;
				IPHONEOS_DEPLOYMENT_TARGET = 13.5;
				MTL_ENABLE_DEBUG_INFO = INCLUDE_SOURCE;
				MTL_FAST_MATH = YES;
				ONLY_ACTIVE_ARCH = YES;
				SDKROOT = iphoneos;
				SWIFT_ACTIVE_COMPILATION_CONDITIONS = DEBUG;
				SWIFT_OPTIMIZATION_LEVEL = "-Onone";
			};
			name = Debug;
		};
		A94C772924B581A0004F1D2C /* Release */ = {
			isa = XCBuildConfiguration;
			buildSettings = {
				ALWAYS_SEARCH_USER_PATHS = NO;
				CLANG_ANALYZER_NONNULL = YES;
				CLANG_ANALYZER_NUMBER_OBJECT_CONVERSION = YES_AGGRESSIVE;
				CLANG_CXX_LANGUAGE_STANDARD = "gnu++14";
				CLANG_CXX_LIBRARY = "libc++";
				CLANG_ENABLE_MODULES = YES;
				CLANG_ENABLE_OBJC_ARC = YES;
				CLANG_ENABLE_OBJC_WEAK = YES;
				CLANG_WARN_BLOCK_CAPTURE_AUTORELEASING = YES;
				CLANG_WARN_BOOL_CONVERSION = YES;
				CLANG_WARN_COMMA = YES;
				CLANG_WARN_CONSTANT_CONVERSION = YES;
				CLANG_WARN_DEPRECATED_OBJC_IMPLEMENTATIONS = YES;
				CLANG_WARN_DIRECT_OBJC_ISA_USAGE = YES_ERROR;
				CLANG_WARN_DOCUMENTATION_COMMENTS = YES;
				CLANG_WARN_EMPTY_BODY = YES;
				CLANG_WARN_ENUM_CONVERSION = YES;
				CLANG_WARN_INFINITE_RECURSION = YES;
				CLANG_WARN_INT_CONVERSION = YES;
				CLANG_WARN_NON_LITERAL_NULL_CONVERSION = YES;
				CLANG_WARN_OBJC_IMPLICIT_RETAIN_SELF = YES;
				CLANG_WARN_OBJC_LITERAL_CONVERSION = YES;
				CLANG_WARN_OBJC_ROOT_CLASS = YES_ERROR;
				CLANG_WARN_RANGE_LOOP_ANALYSIS = YES;
				CLANG_WARN_STRICT_PROTOTYPES = YES;
				CLANG_WARN_SUSPICIOUS_MOVE = YES;
				CLANG_WARN_UNGUARDED_AVAILABILITY = YES_AGGRESSIVE;
				CLANG_WARN_UNREACHABLE_CODE = YES;
				CLANG_WARN__DUPLICATE_METHOD_MATCH = YES;
				COPY_PHASE_STRIP = NO;
				DEBUG_INFORMATION_FORMAT = "dwarf-with-dsym";
				ENABLE_NS_ASSERTIONS = NO;
				ENABLE_STRICT_OBJC_MSGSEND = YES;
				GCC_C_LANGUAGE_STANDARD = gnu11;
				GCC_NO_COMMON_BLOCKS = YES;
				GCC_WARN_64_TO_32_BIT_CONVERSION = YES;
				GCC_WARN_ABOUT_RETURN_TYPE = YES_ERROR;
				GCC_WARN_UNDECLARED_SELECTOR = YES;
				GCC_WARN_UNINITIALIZED_AUTOS = YES_AGGRESSIVE;
				GCC_WARN_UNUSED_FUNCTION = YES;
				GCC_WARN_UNUSED_VARIABLE = YES;
				IPHONEOS_DEPLOYMENT_TARGET = 13.5;
				MTL_ENABLE_DEBUG_INFO = NO;
				MTL_FAST_MATH = YES;
				SDKROOT = iphoneos;
				SWIFT_COMPILATION_MODE = wholemodule;
				SWIFT_OPTIMIZATION_LEVEL = "-O";
				VALIDATE_PRODUCT = YES;
			};
			name = Release;
		};
		A94C772B24B581A0004F1D2C /* Debug */ = {
			isa = XCBuildConfiguration;
			buildSettings = {
				ASSETCATALOG_COMPILER_APPICON_NAME = AppIcon;
				CODE_SIGN_STYLE = Automatic;
				DEVELOPMENT_TEAM = J5T564JM4P;
				INFOPLIST_FILE = "UIStackViewTutorial2020-lesson3/Info.plist";
				LD_RUNPATH_SEARCH_PATHS = (
					"$(inherited)",
					"@executable_path/Frameworks",
				);
				PRODUCT_BUNDLE_IDENTIFIER = "com.michaeltamsil.UIStackViewTutorial2020-lesson3";
				PRODUCT_NAME = "$(TARGET_NAME)";
				SWIFT_VERSION = 5.0;
				TARGETED_DEVICE_FAMILY = "1,2";
			};
			name = Debug;
		};
		A94C772C24B581A0004F1D2C /* Release */ = {
			isa = XCBuildConfiguration;
			buildSettings = {
				ASSETCATALOG_COMPILER_APPICON_NAME = AppIcon;
				CODE_SIGN_STYLE = Automatic;
				DEVELOPMENT_TEAM = J5T564JM4P;
				INFOPLIST_FILE = "UIStackViewTutorial2020-lesson3/Info.plist";
				LD_RUNPATH_SEARCH_PATHS = (
					"$(inherited)",
					"@executable_path/Frameworks",
				);
				PRODUCT_BUNDLE_IDENTIFIER = "com.michaeltamsil.UIStackViewTutorial2020-lesson3";
				PRODUCT_NAME = "$(TARGET_NAME)";
				SWIFT_VERSION = 5.0;
				TARGETED_DEVICE_FAMILY = "1,2";
			};
			name = Release;
		};
/* End XCBuildConfiguration section */

/* Begin XCConfigurationList section */
		A94C771124B581A0004F1D2C /* Build configuration list for PBXProject "UIStackViewTutorial2020-lesson3" */ = {
			isa = XCConfigurationList;
			buildConfigurations = (
				A94C772824B581A0004F1D2C /* Debug */,
				A94C772924B581A0004F1D2C /* Release */,
			);
			defaultConfigurationIsVisible = 0;
			defaultConfigurationName = Release;
		};
		A94C772A24B581A0004F1D2C /* Build configuration list for PBXNativeTarget "UIStackViewTutorial2020-lesson3" */ = {
			isa = XCConfigurationList;
			buildConfigurations = (
				A94C772B24B581A0004F1D2C /* Debug */,
				A94C772C24B581A0004F1D2C /* Release */,
			);
			defaultConfigurationIsVisible = 0;
			defaultConfigurationName = Release;
		};
/* End XCConfigurationList section */
	};
	rootObject = A94C770E24B581A0004F1D2C /* Project object */;
}
